
Microsoft Visual Studio Solution File, Format Version 12.00
# Visual Studio Version 17
VisualStudioVersion = 17.14.36511.14 d17.14
MinimumVisualStudioVersion = 10.0.40219.1
Project("{FAE04EC0-301F-11D3-BF4B-00C04F79EFBC}") = "Day02ConditionsOperatorsDecisionMaking", "Day02ConditionsOperatorsDecisionMaking\Day02ConditionsOperatorsDecisionMaking.csproj", "{CBC10094-0201-4704-91A0-C8FD83EA8F9B}"
EndProject
Global
	GlobalSection(SolutionConfigurationPlatforms) = preSolution
		Debug|Any CPU = Debug|Any CPU
		Release|Any CPU = Release|Any CPU
	EndGlobalSection
	GlobalSection(ProjectConfigurationPlatforms) = postSolution
		{CBC10094-0201-4704-91A0-C8FD83EA8F9B}.Debug|Any CPU.ActiveCfg = Debug|Any CPU
		{CBC10094-0201-4704-91A0-C8FD83EA8F9B}.Debug|Any CPU.Build.0 = Debug|Any CPU
		{CBC10094-0201-4704-91A0-C8FD83EA8F9B}.Release|Any CPU.ActiveCfg = Release|Any CPU
		{CBC10094-0201-4704-91A0-C8FD83EA8F9B}.Release|Any CPU.Build.0 = Release|Any CPU
	EndGlobalSection
	GlobalSection(SolutionProperties) = preSolution
		HideSolutionNode = FALSE
	EndGlobalSection
	GlobalSection(ExtensibilityGlobals) = postSolution
		SolutionGuid = {A258F954-13C4-435E-934E-7CB1CF23DE33}
	EndGlobalSection
EndGlobal
